
Microsoft Visual Studio Solution File, Format Version 12.00
# Visual Studio Version 16
VisualStudioVersion = 16.0.31129.286
MinimumVisualStudioVersion = 10.0.40219.1
Project("{FAE04EC0-301F-11D3-BF4B-00C04F79EFBC}") = "Algoritmo_02", "Algoritmo_02\Algoritmo_02.csproj", "{AD90A49D-517B-4C00-80BC-AD2EBB049E84}"
EndProject
Project("{FAE04EC0-301F-11D3-BF4B-00C04F79EFBC}") = "Algoritmo_03", "Algoritmo_03\Algoritmo_03.csproj", "{1CB3B378-1C46-4DEB-84AA-1C433F2B87DE}"
EndProject
Project("{FAE04EC0-301F-11D3-BF4B-00C04F79EFBC}") = "Algoritmo_04", "Algoritmo_04\Algoritmo_04.csproj", "{45D5131B-16AC-4360-A5E2-C26084AE3CB7}"
EndProject
Project("{FAE04EC0-301F-11D3-BF4B-00C04F79EFBC}") = "Algoritmo_05", "Algoritmo_05\Algoritmo_05.csproj", "{657D242C-9A85-4F70-8919-92BB54D42254}"
EndProject
Project("{FAE04EC0-301F-11D3-BF4B-00C04F79EFBC}") = "Algoritmo_06", "Algoritmo_06\Algoritmo_06.csproj", "{5B2C6706-DC07-45B5-AC93-364C6CE4BDC1}"
EndProject
Project("{FAE04EC0-301F-11D3-BF4B-00C04F79EFBC}") = "Algoritmo_07", "Algoritmo_07\Algoritmo_07.csproj", "{1F2A268B-2126-45AB-9D07-E03CE68A4E05}"
EndProject
Project("{FAE04EC0-301F-11D3-BF4B-00C04F79EFBC}") = "Algoritmo_08", "Algoritmo_08\Algoritmo_08.csproj", "{2B1537CE-4764-40DB-9A8B-1F1D41FE11FB}"
EndProject
Project("{FAE04EC0-301F-11D3-BF4B-00C04F79EFBC}") = "Algoritmo_01", "Algoritmo_01\Algoritmo_01.csproj", "{E3BCA408-7BFC-4887-BEC8-E7AC92A58807}"
EndProject
Project("{FAE04EC0-301F-11D3-BF4B-00C04F79EFBC}") = "Algoritmo_09", "Algoritmo_09\Algoritmo_09.csproj", "{A59AA186-0DB4-49E8-A3F5-DABCFC60256F}"
EndProject
Project("{FAE04EC0-301F-11D3-BF4B-00C04F79EFBC}") = "Algoritmo_10", "Algoritmo_10\Algoritmo_10.csproj", "{19C95F14-303F-4E89-A2AE-864E80253DBA}"
EndProject
Project("{FAE04EC0-301F-11D3-BF4B-00C04F79EFBC}") = "Algoritmo_11", "Algoritmo_11\Algoritmo_11.csproj", "{5EB8396D-3D59-417E-96A0-D2ED524F3F2E}"
EndProject
Project("{FAE04EC0-301F-11D3-BF4B-00C04F79EFBC}") = "Algoritmo_12", "Algoritmo_12\Algoritmo_12.csproj", "{5C33E2C8-58B7-46B0-B92C-A1EAD52A0C97}"
EndProject
Project("{FAE04EC0-301F-11D3-BF4B-00C04F79EFBC}") = "Algoritmo_13", "Algoritmo_13\Algoritmo_13.csproj", "{7D4AB3DF-D225-47BA-B719-32E88AD67C02}"
EndProject
Project("{FAE04EC0-301F-11D3-BF4B-00C04F79EFBC}") = "Algoritmo_14", "Algoritmo_14\Algoritmo_14.csproj", "{9D62478B-94BB-4F96-ACA5-19C3E27278AA}"
EndProject
Project("{FAE04EC0-301F-11D3-BF4B-00C04F79EFBC}") = "Algoritmo_15", "Algoritmo_15\Algoritmo_15.csproj", "{B22D0E89-451D-4190-8A88-7978CF1EB709}"
EndProject
Project("{FAE04EC0-301F-11D3-BF4B-00C04F79EFBC}") = "Algoritmo_16", "Algoritmo_16\Algoritmo_16.csproj", "{71C54330-C698-4CC1-849A-84BDA2A54A30}"
EndProject
Project("{FAE04EC0-301F-11D3-BF4B-00C04F79EFBC}") = "Algoritmo_17", "Algoritmo_17\Algoritmo_17.csproj", "{D5C307DD-3364-4ED8-8931-481BDC464C73}"
EndProject
Project("{FAE04EC0-301F-11D3-BF4B-00C04F79EFBC}") = "Algoritmo_18", "Algoritmo_18\Algoritmo_18.csproj", "{4C0AA6B3-21C3-4AC0-9F98-779069198D9E}"
EndProject
Project("{FAE04EC0-301F-11D3-BF4B-00C04F79EFBC}") = "Algoritmo_19", "Algoritmo_19\Algoritmo_19.csproj", "{1416EDFA-897F-42AE-B1AC-6AAE5AC87805}"
EndProject
Project("{FAE04EC0-301F-11D3-BF4B-00C04F79EFBC}") = "Algoritmo_20", "Algoritmo_20\Algoritmo_20.csproj", "{4E507404-CF65-4917-9736-0D748DB8CF61}"
EndProject
Project("{FAE04EC0-301F-11D3-BF4B-00C04F79EFBC}") = "Algoritmo_21", "Algoritmo_21\Algoritmo_21.csproj", "{06B12DBD-FC19-464D-9CEF-400E528DE6F6}"
EndProject
Project("{FAE04EC0-301F-11D3-BF4B-00C04F79EFBC}") = "Algoritmo_22", "Algoritmo_22\Algoritmo_22.csproj", "{2F1EB6AC-BFB0-44F5-81AD-397A1FBB06AF}"
EndProject
Project("{FAE04EC0-301F-11D3-BF4B-00C04F79EFBC}") = "Algoritmo_23", "Algoritmo_23\Algoritmo_23.csproj", "{5E0FE300-3DC7-4CAC-A5E4-ADBC54E3D7D7}"
EndProject
Project("{FAE04EC0-301F-11D3-BF4B-00C04F79EFBC}") = "Algoritmo_24", "Algoritmo_24\Algoritmo_24.csproj", "{68E1247E-6C40-4437-89A9-94D4F98943DD}"
EndProject
Project("{FAE04EC0-301F-11D3-BF4B-00C04F79EFBC}") = "Algoritmo_25", "Algoritmo_25\Algoritmo_25.csproj", "{0E3D0C20-11F1-49E6-8313-5538F393FD0C}"
EndProject
Project("{FAE04EC0-301F-11D3-BF4B-00C04F79EFBC}") = "Algoritmo_26", "Algoritmo_26\Algoritmo_26.csproj", "{FE17EBD6-1F39-46EA-94E9-3A100FE341D5}"
EndProject
Project("{FAE04EC0-301F-11D3-BF4B-00C04F79EFBC}") = "Algoritmo_27", "Algoritmo_27\Algoritmo_27.csproj", "{9A7218DC-DFF9-43E4-B9A9-25F64F69599A}"
EndProject
Project("{FAE04EC0-301F-11D3-BF4B-00C04F79EFBC}") = "Algoritmo_28", "Algoritmo_28\Algoritmo_28.csproj", "{04B60B8F-98C0-4D73-A281-F1DADE4E795D}"
EndProject
Project("{FAE04EC0-301F-11D3-BF4B-00C04F79EFBC}") = "Algoritmo_29", "Algoritmo_29\Algoritmo_29.csproj", "{57B6DFEF-2DB1-406B-A557-B3C74BF59BC3}"
EndProject
Project("{FAE04EC0-301F-11D3-BF4B-00C04F79EFBC}") = "Algoritmo_30", "Algoritmo_30\Algoritmo_30.csproj", "{C618DCBA-C89A-4A64-A2A8-5FF03879308E}"
EndProject
Project("{FAE04EC0-301F-11D3-BF4B-00C04F79EFBC}") = "Algoritmo_31", "Algoritmo_31\Algoritmo_31.csproj", "{BD65755F-BA42-4E57-B972-2DB6A5D615EE}"
EndProject
Project("{FAE04EC0-301F-11D3-BF4B-00C04F79EFBC}") = "Algoritmo_32", "Algoritmo_32\Algoritmo_32.csproj", "{AE9A9B10-06E9-436F-B7ED-2FDE18A8A6BB}"
EndProject
Project("{FAE04EC0-301F-11D3-BF4B-00C04F79EFBC}") = "Algoritmo_33", "Algoritmo_33\Algoritmo_33.csproj", "{98006688-4B4A-4250-90F6-37496085F46B}"
EndProject
Project("{FAE04EC0-301F-11D3-BF4B-00C04F79EFBC}") = "Algoritmo_34", "Algoritmo_34\Algoritmo_34.csproj", "{001D0D6E-7A15-4400-95E9-74240E1B5CB6}"
EndProject
Project("{FAE04EC0-301F-11D3-BF4B-00C04F79EFBC}") = "Algoritmo_35", "Algoritmo_35\Algoritmo_35.csproj", "{5617EDAD-EC5A-4AC9-84A2-77573641D250}"
EndProject
Project("{FAE04EC0-301F-11D3-BF4B-00C04F79EFBC}") = "Algoritmo_36", "Algoritmo_36\Algoritmo_36.csproj", "{73D51F26-ECD2-4498-8A62-3D457983A83C}"
EndProject
Global
	GlobalSection(SolutionConfigurationPlatforms) = preSolution
		Debug|Any CPU = Debug|Any CPU
		Release|Any CPU = Release|Any CPU
	EndGlobalSection
	GlobalSection(ProjectConfigurationPlatforms) = postSolution
		{AD90A49D-517B-4C00-80BC-AD2EBB049E84}.Debug|Any CPU.ActiveCfg = Debug|Any CPU
		{AD90A49D-517B-4C00-80BC-AD2EBB049E84}.Debug|Any CPU.Build.0 = Debug|Any CPU
		{AD90A49D-517B-4C00-80BC-AD2EBB049E84}.Release|Any CPU.ActiveCfg = Release|Any CPU
		{AD90A49D-517B-4C00-80BC-AD2EBB049E84}.Release|Any CPU.Build.0 = Release|Any CPU
		{1CB3B378-1C46-4DEB-84AA-1C433F2B87DE}.Debug|Any CPU.ActiveCfg = Debug|Any CPU
		{1CB3B378-1C46-4DEB-84AA-1C433F2B87DE}.Debug|Any CPU.Build.0 = Debug|Any CPU
		{1CB3B378-1C46-4DEB-84AA-1C433F2B87DE}.Release|Any CPU.ActiveCfg = Release|Any CPU
		{1CB3B378-1C46-4DEB-84AA-1C433F2B87DE}.Release|Any CPU.Build.0 = Release|Any CPU
		{45D5131B-16AC-4360-A5E2-C26084AE3CB7}.Debug|Any CPU.ActiveCfg = Debug|Any CPU
		{45D5131B-16AC-4360-A5E2-C26084AE3CB7}.Debug|Any CPU.Build.0 = Debug|Any CPU
		{45D5131B-16AC-4360-A5E2-C26084AE3CB7}.Release|Any CPU.ActiveCfg = Release|Any CPU
		{45D5131B-16AC-4360-A5E2-C26084AE3CB7}.Release|Any CPU.Build.0 = Release|Any CPU
		{657D242C-9A85-4F70-8919-92BB54D42254}.Debug|Any CPU.ActiveCfg = Debug|Any CPU
		{657D242C-9A85-4F70-8919-92BB54D42254}.Debug|Any CPU.Build.0 = Debug|Any CPU
		{657D242C-9A85-4F70-8919-92BB54D42254}.Release|Any CPU.ActiveCfg = Release|Any CPU
		{657D242C-9A85-4F70-8919-92BB54D42254}.Release|Any CPU.Build.0 = Release|Any CPU
		{5B2C6706-DC07-45B5-AC93-364C6CE4BDC1}.Debug|Any CPU.ActiveCfg = Debug|Any CPU
		{5B2C6706-DC07-45B5-AC93-364C6CE4BDC1}.Debug|Any CPU.Build.0 = Debug|Any CPU
		{5B2C6706-DC07-45B5-AC93-364C6CE4BDC1}.Release|Any CPU.ActiveCfg = Release|Any CPU
		{5B2C6706-DC07-45B5-AC93-364C6CE4BDC1}.Release|Any CPU.Build.0 = Release|Any CPU
		{1F2A268B-2126-45AB-9D07-E03CE68A4E05}.Debug|Any CPU.ActiveCfg = Debug|Any CPU
		{1F2A268B-2126-45AB-9D07-E03CE68A4E05}.Debug|Any CPU.Build.0 = Debug|Any CPU
		{1F2A268B-2126-45AB-9D07-E03CE68A4E05}.Release|Any CPU.ActiveCfg = Release|Any CPU
		{1F2A268B-2126-45AB-9D07-E03CE68A4E05}.Release|Any CPU.Build.0 = Release|Any CPU
		{2B1537CE-4764-40DB-9A8B-1F1D41FE11FB}.Debug|Any CPU.ActiveCfg = Debug|Any CPU
		{2B1537CE-4764-40DB-9A8B-1F1D41FE11FB}.Debug|Any CPU.Build.0 = Debug|Any CPU
		{2B1537CE-4764-40DB-9A8B-1F1D41FE11FB}.Release|Any CPU.ActiveCfg = Release|Any CPU
		{2B1537CE-4764-40DB-9A8B-1F1D41FE11FB}.Release|Any CPU.Build.0 = Release|Any CPU
		{E3BCA408-7BFC-4887-BEC8-E7AC92A58807}.Debug|Any CPU.ActiveCfg = Debug|Any CPU
		{E3BCA408-7BFC-4887-BEC8-E7AC92A58807}.Debug|Any CPU.Build.0 = Debug|Any CPU
		{E3BCA408-7BFC-4887-BEC8-E7AC92A58807}.Release|Any CPU.ActiveCfg = Release|Any CPU
		{E3BCA408-7BFC-4887-BEC8-E7AC92A58807}.Release|Any CPU.Build.0 = Release|Any CPU
		{A59AA186-0DB4-49E8-A3F5-DABCFC60256F}.Debug|Any CPU.ActiveCfg = Debug|Any CPU
		{A59AA186-0DB4-49E8-A3F5-DABCFC60256F}.Debug|Any CPU.Build.0 = Debug|Any CPU
		{A59AA186-0DB4-49E8-A3F5-DABCFC60256F}.Release|Any CPU.ActiveCfg = Release|Any CPU
		{A59AA186-0DB4-49E8-A3F5-DABCFC60256F}.Release|Any CPU.Build.0 = Release|Any CPU
		{19C95F14-303F-4E89-A2AE-864E80253DBA}.Debug|Any CPU.ActiveCfg = Debug|Any CPU
		{19C95F14-303F-4E89-A2AE-864E80253DBA}.Debug|Any CPU.Build.0 = Debug|Any CPU
		{19C95F14-303F-4E89-A2AE-864E80253DBA}.Release|Any CPU.ActiveCfg = Release|Any CPU
		{19C95F14-303F-4E89-A2AE-864E80253DBA}.Release|Any CPU.Build.0 = Release|Any CPU
		{5EB8396D-3D59-417E-96A0-D2ED524F3F2E}.Debug|Any CPU.ActiveCfg = Debug|Any CPU
		{5EB8396D-3D59-417E-96A0-D2ED524F3F2E}.Debug|Any CPU.Build.0 = Debug|Any CPU
		{5EB8396D-3D59-417E-96A0-D2ED524F3F2E}.Release|Any CPU.ActiveCfg = Release|Any CPU
		{5EB8396D-3D59-417E-96A0-D2ED524F3F2E}.Release|Any CPU.Build.0 = Release|Any CPU
		{5C33E2C8-58B7-46B0-B92C-A1EAD52A0C97}.Debug|Any CPU.ActiveCfg = Debug|Any CPU
		{5C33E2C8-58B7-46B0-B92C-A1EAD52A0C97}.Debug|Any CPU.Build.0 = Debug|Any CPU
		{5C33E2C8-58B7-46B0-B92C-A1EAD52A0C97}.Release|Any CPU.ActiveCfg = Release|Any CPU
		{5C33E2C8-58B7-46B0-B92C-A1EAD52A0C97}.Release|Any CPU.Build.0 = Release|Any CPU
		{7D4AB3DF-D225-47BA-B719-32E88AD67C02}.Debug|Any CPU.ActiveCfg = Debug|Any CPU
		{7D4AB3DF-D225-47BA-B719-32E88AD67C02}.Debug|Any CPU.Build.0 = Debug|Any CPU
		{7D4AB3DF-D225-47BA-B719-32E88AD67C02}.Release|Any CPU.ActiveCfg = Release|Any CPU
		{7D4AB3DF-D225-47BA-B719-32E88AD67C02}.Release|Any CPU.Build.0 = Release|Any CPU
		{9D62478B-94BB-4F96-ACA5-19C3E27278AA}.Debug|Any CPU.ActiveCfg = Debug|Any CPU
		{9D62478B-94BB-4F96-ACA5-19C3E27278AA}.Debug|Any CPU.Build.0 = Debug|Any CPU
		{9D62478B-94BB-4F96-ACA5-19C3E27278AA}.Release|Any CPU.ActiveCfg = Release|Any CPU
		{9D62478B-94BB-4F96-ACA5-19C3E27278AA}.Release|Any CPU.Build.0 = Release|Any CPU
		{B22D0E89-451D-4190-8A88-7978CF1EB709}.Debug|Any CPU.ActiveCfg = Debug|Any CPU
		{B22D0E89-451D-4190-8A88-7978CF1EB709}.Debug|Any CPU.Build.0 = Debug|Any CPU
		{B22D0E89-451D-4190-8A88-7978CF1EB709}.Release|Any CPU.ActiveCfg = Release|Any CPU
		{B22D0E89-451D-4190-8A88-7978CF1EB709}.Release|Any CPU.Build.0 = Release|Any CPU
		{71C54330-C698-4CC1-849A-84BDA2A54A30}.Debug|Any CPU.ActiveCfg = Debug|Any CPU
		{71C54330-C698-4CC1-849A-84BDA2A54A30}.Debug|Any CPU.Build.0 = Debug|Any CPU
		{71C54330-C698-4CC1-849A-84BDA2A54A30}.Release|Any CPU.ActiveCfg = Release|Any CPU
		{71C54330-C698-4CC1-849A-84BDA2A54A30}.Release|Any CPU.Build.0 = Release|Any CPU
		{D5C307DD-3364-4ED8-8931-481BDC464C73}.Debug|Any CPU.ActiveCfg = Debug|Any CPU
		{D5C307DD-3364-4ED8-8931-481BDC464C73}.Debug|Any CPU.Build.0 = Debug|Any CPU
		{D5C307DD-3364-4ED8-8931-481BDC464C73}.Release|Any CPU.ActiveCfg = Release|Any CPU
		{D5C307DD-3364-4ED8-8931-481BDC464C73}.Release|Any CPU.Build.0 = Release|Any CPU
		{4C0AA6B3-21C3-4AC0-9F98-779069198D9E}.Debug|Any CPU.ActiveCfg = Debug|Any CPU
		{4C0AA6B3-21C3-4AC0-9F98-779069198D9E}.Debug|Any CPU.Build.0 = Debug|Any CPU
		{4C0AA6B3-21C3-4AC0-9F98-779069198D9E}.Release|Any CPU.ActiveCfg = Release|Any CPU
		{4C0AA6B3-21C3-4AC0-9F98-779069198D9E}.Release|Any CPU.Build.0 = Release|Any CPU
		{1416EDFA-897F-42AE-B1AC-6AAE5AC87805}.Debug|Any CPU.ActiveCfg = Debug|Any CPU
		{1416EDFA-897F-42AE-B1AC-6AAE5AC87805}.Debug|Any CPU.Build.0 = Debug|Any CPU
		{1416EDFA-897F-42AE-B1AC-6AAE5AC87805}.Release|Any CPU.ActiveCfg = Release|Any CPU
		{1416EDFA-897F-42AE-B1AC-6AAE5AC87805}.Release|Any CPU.Build.0 = Release|Any CPU
		{4E507404-CF65-4917-9736-0D748DB8CF61}.Debug|Any CPU.ActiveCfg = Debug|Any CPU
		{4E507404-CF65-4917-9736-0D748DB8CF61}.Debug|Any CPU.Build.0 = Debug|Any CPU
		{4E507404-CF65-4917-9736-0D748DB8CF61}.Release|Any CPU.ActiveCfg = Release|Any CPU
		{4E507404-CF65-4917-9736-0D748DB8CF61}.Release|Any CPU.Build.0 = Release|Any CPU
		{06B12DBD-FC19-464D-9CEF-400E528DE6F6}.Debug|Any CPU.ActiveCfg = Debug|Any CPU
		{06B12DBD-FC19-464D-9CEF-400E528DE6F6}.Debug|Any CPU.Build.0 = Debug|Any CPU
		{06B12DBD-FC19-464D-9CEF-400E528DE6F6}.Release|Any CPU.ActiveCfg = Release|Any CPU
		{06B12DBD-FC19-464D-9CEF-400E528DE6F6}.Release|Any CPU.Build.0 = Release|Any CPU
		{2F1EB6AC-BFB0-44F5-81AD-397A1FBB06AF}.Debug|Any CPU.ActiveCfg = Debug|Any CPU
		{2F1EB6AC-BFB0-44F5-81AD-397A1FBB06AF}.Debug|Any CPU.Build.0 = Debug|Any CPU
		{2F1EB6AC-BFB0-44F5-81AD-397A1FBB06AF}.Release|Any CPU.ActiveCfg = Release|Any CPU
		{2F1EB6AC-BFB0-44F5-81AD-397A1FBB06AF}.Release|Any CPU.Build.0 = Release|Any CPU
		{5E0FE300-3DC7-4CAC-A5E4-ADBC54E3D7D7}.Debug|Any CPU.ActiveCfg = Debug|Any CPU
		{5E0FE300-3DC7-4CAC-A5E4-ADBC54E3D7D7}.Debug|Any CPU.Build.0 = Debug|Any CPU
		{5E0FE300-3DC7-4CAC-A5E4-ADBC54E3D7D7}.Release|Any CPU.ActiveCfg = Release|Any CPU
		{5E0FE300-3DC7-4CAC-A5E4-ADBC54E3D7D7}.Release|Any CPU.Build.0 = Release|Any CPU
		{68E1247E-6C40-4437-89A9-94D4F98943DD}.Debug|Any CPU.ActiveCfg = Debug|Any CPU
		{68E1247E-6C40-4437-89A9-94D4F98943DD}.Debug|Any CPU.Build.0 = Debug|Any CPU
		{68E1247E-6C40-4437-89A9-94D4F98943DD}.Release|Any CPU.ActiveCfg = Release|Any CPU
		{68E1247E-6C40-4437-89A9-94D4F98943DD}.Release|Any CPU.Build.0 = Release|Any CPU
		{0E3D0C20-11F1-49E6-8313-5538F393FD0C}.Debug|Any CPU.ActiveCfg = Debug|Any CPU
		{0E3D0C20-11F1-49E6-8313-5538F393FD0C}.Debug|Any CPU.Build.0 = Debug|Any CPU
		{0E3D0C20-11F1-49E6-8313-5538F393FD0C}.Release|Any CPU.ActiveCfg = Release|Any CPU
		{0E3D0C20-11F1-49E6-8313-5538F393FD0C}.Release|Any CPU.Build.0 = Release|Any CPU
		{FE17EBD6-1F39-46EA-94E9-3A100FE341D5}.Debug|Any CPU.ActiveCfg = Debug|Any CPU
		{FE17EBD6-1F39-46EA-94E9-3A100FE341D5}.Debug|Any CPU.Build.0 = Debug|Any CPU
		{FE17EBD6-1F39-46EA-94E9-3A100FE341D5}.Release|Any CPU.ActiveCfg = Release|Any CPU
		{FE17EBD6-1F39-46EA-94E9-3A100FE341D5}.Release|Any CPU.Build.0 = Release|Any CPU
		{9A7218DC-DFF9-43E4-B9A9-25F64F69599A}.Debug|Any CPU.ActiveCfg = Debug|Any CPU
		{9A7218DC-DFF9-43E4-B9A9-25F64F69599A}.Debug|Any CPU.Build.0 = Debug|Any CPU
		{9A7218DC-DFF9-43E4-B9A9-25F64F69599A}.Release|Any CPU.ActiveCfg = Release|Any CPU
		{9A7218DC-DFF9-43E4-B9A9-25F64F69599A}.Release|Any CPU.Build.0 = Release|Any CPU
		{04B60B8F-98C0-4D73-A281-F1DADE4E795D}.Debug|Any CPU.ActiveCfg = Debug|Any CPU
		{04B60B8F-98C0-4D73-A281-F1DADE4E795D}.Debug|Any CPU.Build.0 = Debug|Any CPU
		{04B60B8F-98C0-4D73-A281-F1DADE4E795D}.Release|Any CPU.ActiveCfg = Release|Any CPU
		{04B60B8F-98C0-4D73-A281-F1DADE4E795D}.Release|Any CPU.Build.0 = Release|Any CPU
		{57B6DFEF-2DB1-406B-A557-B3C74BF59BC3}.Debug|Any CPU.ActiveCfg = Debug|Any CPU
		{57B6DFEF-2DB1-406B-A557-B3C74BF59BC3}.Debug|Any CPU.Build.0 = Debug|Any CPU
		{57B6DFEF-2DB1-406B-A557-B3C74BF59BC3}.Release|Any CPU.ActiveCfg = Release|Any CPU
		{57B6DFEF-2DB1-406B-A557-B3C74BF59BC3}.Release|Any CPU.Build.0 = Release|Any CPU
		{C618DCBA-C89A-4A64-A2A8-5FF03879308E}.Debug|Any CPU.ActiveCfg = Debug|Any CPU
		{C618DCBA-C89A-4A64-A2A8-5FF03879308E}.Debug|Any CPU.Build.0 = Debug|Any CPU
		{C618DCBA-C89A-4A64-A2A8-5FF03879308E}.Release|Any CPU.ActiveCfg = Release|Any CPU
		{C618DCBA-C89A-4A64-A2A8-5FF03879308E}.Release|Any CPU.Build.0 = Release|Any CPU
		{BD65755F-BA42-4E57-B972-2DB6A5D615EE}.Debug|Any CPU.ActiveCfg = Debug|Any CPU
		{BD65755F-BA42-4E57-B972-2DB6A5D615EE}.Debug|Any CPU.Build.0 = Debug|Any CPU
		{BD65755F-BA42-4E57-B972-2DB6A5D615EE}.Release|Any CPU.ActiveCfg = Release|Any CPU
		{BD65755F-BA42-4E57-B972-2DB6A5D615EE}.Release|Any CPU.Build.0 = Release|Any CPU
		{AE9A9B10-06E9-436F-B7ED-2FDE18A8A6BB}.Debug|Any CPU.ActiveCfg = Debug|Any CPU
		{AE9A9B10-06E9-436F-B7ED-2FDE18A8A6BB}.Debug|Any CPU.Build.0 = Debug|Any CPU
		{AE9A9B10-06E9-436F-B7ED-2FDE18A8A6BB}.Release|Any CPU.ActiveCfg = Release|Any CPU
		{AE9A9B10-06E9-436F-B7ED-2FDE18A8A6BB}.Release|Any CPU.Build.0 = Release|Any CPU
		{98006688-4B4A-4250-90F6-37496085F46B}.Debug|Any CPU.ActiveCfg = Debug|Any CPU
		{98006688-4B4A-4250-90F6-37496085F46B}.Debug|Any CPU.Build.0 = Debug|Any CPU
		{98006688-4B4A-4250-90F6-37496085F46B}.Release|Any CPU.ActiveCfg = Release|Any CPU
		{98006688-4B4A-4250-90F6-37496085F46B}.Release|Any CPU.Build.0 = Release|Any CPU
		{001D0D6E-7A15-4400-95E9-74240E1B5CB6}.Debug|Any CPU.ActiveCfg = Debug|Any CPU
		{001D0D6E-7A15-4400-95E9-74240E1B5CB6}.Debug|Any CPU.Build.0 = Debug|Any CPU
		{001D0D6E-7A15-4400-95E9-74240E1B5CB6}.Release|Any CPU.ActiveCfg = Release|Any CPU
		{001D0D6E-7A15-4400-95E9-74240E1B5CB6}.Release|Any CPU.Build.0 = Release|Any CPU
		{5617EDAD-EC5A-4AC9-84A2-77573641D250}.Debug|Any CPU.ActiveCfg = Debug|Any CPU
		{5617EDAD-EC5A-4AC9-84A2-77573641D250}.Debug|Any CPU.Build.0 = Debug|Any CPU
		{5617EDAD-EC5A-4AC9-84A2-77573641D250}.Release|Any CPU.ActiveCfg = Release|Any CPU
		{5617EDAD-EC5A-4AC9-84A2-77573641D250}.Release|Any CPU.Build.0 = Release|Any CPU
		{73D51F26-ECD2-4498-8A62-3D457983A83C}.Debug|Any CPU.ActiveCfg = Debug|Any CPU
		{73D51F26-ECD2-4498-8A62-3D457983A83C}.Debug|Any CPU.Build.0 = Debug|Any CPU
		{73D51F26-ECD2-4498-8A62-3D457983A83C}.Release|Any CPU.ActiveCfg = Release|Any CPU
		{73D51F26-ECD2-4498-8A62-3D457983A83C}.Release|Any CPU.Build.0 = Release|Any CPU
	EndGlobalSection
	GlobalSection(SolutionProperties) = preSolution
		HideSolutionNode = FALSE
	EndGlobalSection
	GlobalSection(ExtensibilityGlobals) = postSolution
		SolutionGuid = {707DE8EE-AA26-4B91-8598-D986A5449B8E}
	EndGlobalSection
EndGlobal
